
Microsoft Visual Studio Solution File, Format Version 12.00
# Visual Studio Version 17
VisualStudioVersion = 17.1.32421.90
MinimumVisualStudioVersion = 10.0.40219.1
Project("{9A19103F-16F7-4668-BE54-9A1E7A4F7556}") = "FlickerTestDX", "FlickerTestDX.csproj", "{4A5D5B3E-CCC7-4425-B897-C180A98FFCFA}"
EndProject
Project("{9A19103F-16F7-4668-BE54-9A1E7A4F7556}") = "FlickerTestGL", "FlickerTestGL.csproj", "{431CA8D2-33B5-4F98-9141-B9CAD9FFDACE}"
EndProject
Global
	GlobalSection(SolutionConfigurationPlatforms) = preSolution
		Debug|Any CPU = Debug|Any CPU
		Release|Any CPU = Release|Any CPU
	EndGlobalSection
	GlobalSection(ProjectConfigurationPlatforms) = postSolution
		{4A5D5B3E-CCC7-4425-B897-C180A98FFCFA}.Debug|Any CPU.ActiveCfg = Debug|Any CPU
		{4A5D5B3E-CCC7-4425-B897-C180A98FFCFA}.Debug|Any CPU.Build.0 = Debug|Any CPU
		{4A5D5B3E-CCC7-4425-B897-C180A98FFCFA}.Release|Any CPU.ActiveCfg = Release|Any CPU
		{4A5D5B3E-CCC7-4425-B897-C180A98FFCFA}.Release|Any CPU.Build.0 = Release|Any CPU
		{431CA8D2-33B5-4F98-9141-B9CAD9FFDACE}.Debug|Any CPU.ActiveCfg = Debug|Any CPU
		{431CA8D2-33B5-4F98-9141-B9CAD9FFDACE}.Debug|Any CPU.Build.0 = Debug|Any CPU
		{431CA8D2-33B5-4F98-9141-B9CAD9FFDACE}.Release|Any CPU.ActiveCfg = Release|Any CPU
		{431CA8D2-33B5-4F98-9141-B9CAD9FFDACE}.Release|Any CPU.Build.0 = Release|Any CPU
	EndGlobalSection
	GlobalSection(SolutionProperties) = preSolution
		HideSolutionNode = FALSE
	EndGlobalSection
	GlobalSection(ExtensibilityGlobals) = postSolution
		SolutionGuid = {FB53E032-DEE5-488D-8AC8-F8354F110C4B}
	EndGlobalSection
EndGlobal
